
Microsoft Visual Studio Solution File, Format Version 12.00
# Visual Studio Version 16
VisualStudioVersion = 16.0.29613.14
MinimumVisualStudioVersion = 10.0.40219.1
Project("{FAE04EC0-301F-11D3-BF4B-00C04F79EFBC}") = "nose", "nose\nose.csproj", "{D629C87F-58D6-4AB0-BE81-D5444C1BD6CB}"
EndProject
Global
	GlobalSection(SolutionConfigurationPlatforms) = preSolution
		Debug|Any CPU = Debug|Any CPU
		Release|Any CPU = Release|Any CPU
	EndGlobalSection
	GlobalSection(ProjectConfigurationPlatforms) = postSolution
		{D629C87F-58D6-4AB0-BE81-D5444C1BD6CB}.Debug|Any CPU.ActiveCfg = Debug|Any CPU
		{D629C87F-58D6-4AB0-BE81-D5444C1BD6CB}.Debug|Any CPU.Build.0 = Debug|Any CPU
		{D629C87F-58D6-4AB0-BE81-D5444C1BD6CB}.Release|Any CPU.ActiveCfg = Release|Any CPU
		{D629C87F-58D6-4AB0-BE81-D5444C1BD6CB}.Release|Any CPU.Build.0 = Release|Any CPU
	EndGlobalSection
	GlobalSection(SolutionProperties) = preSolution
		HideSolutionNode = FALSE
	EndGlobalSection
	GlobalSection(ExtensibilityGlobals) = postSolution
		SolutionGuid = {106F9F75-934B-41A3-953D-F5E3ABED2381}
	EndGlobalSection
EndGlobal
